{
  "meteor": {
    "git": "https://github.com/meteor/meteor.git",
    "branch": "master",
    "commit": "5d736d4bf0448c7db1f9b47124dfafc34a9631bb"
  },
  "dependencies": {
    "basePackages": {
      "scss": {},
      "foundation": {},
      "router": {},
      "accounts-ui-bootstrap-dropdown": {},
      "font-awesome": {},
      "handlebar-helpers": {},
      "filepicker": {},
      "loadpicker": {}
    },
    "packages": {
      "scss": {
        "git": "https://github.com/fourseven/meteor-scss.git",
        "tag": "v0.2.3",
        "commit": "d500ec82a77680be3c1e0640e48842d9e66c0102"
      },
      "foundation": {
        "git": "https://github.com/ewall/meteor-foundation.git",
        "tag": "v4.1.6r2",
        "commit": "585673e9eefb7c831b317e33e339a044cecf2232"
      },
      "router": {
        "git": "https://github.com/tmeasday/meteor-router.git",
        "tag": "v0.5.1",
        "commit": "32e377c7703bb119acccc859fc7296882903cbe7"
      },
      "accounts-ui-bootstrap-dropdown": {
        "git": "https://github.com/erobit/meteor-accounts-ui-bootstrap-dropdown.git",
        "tag": "v0.1.0",
        "commit": "e66558aaa4dc0d85c6ddb63bd2289b38c2b793f6"
      },
      "font-awesome": {
        "git": "https://github.com/nate-strauser/meteor-font-awesome.git",
        "tag": "v0.1.6",
        "commit": "f0f7bde5b60f3ceae69e11fa545bdbf8a8cf2d03"
      },
      "handlebar-helpers": {
        "git": "https://github.com/raix/Meteor-handlebar-helpers.git",
        "tag": "v0.0.6",
        "commit": "8ca9ab1edcbb7d1ef935d4ad8c7e32479ea70b24"
      },
      "filepicker": {
        "git": "https://github.com/Filepicker/meteor.git",
        "tag": "v0.3.0",
        "commit": "dcb6f3779e5fc105520ba06b0392e3a79c73a7e6"
      },
      "loadpicker": {
        "git": "https://github.com/guido4000/loadpicker.git",
        "tag": "v1.0.0",
        "commit": "9f8aa83427b21e2d6279db3f018900bf09560352"
      },
      "page-js-ie-support": {
        "git": "https://github.com/tmeasday/meteor-page-js-ie-support.git",
        "tag": "v1.3.5",
        "commit": "b99ed8380aefd10b2afc8f18d9eed4dd0d8ea9cb"
      }
    }
  }
}
